<?xml version="1.0" encoding="utf-8"?>
<Project ToolsVersion="4.0" xmlns="http://schemas.microsoft.com/developer/msbuild/2003">
  <ItemGroup>
    <Filter Include="Source Files">
      <UniqueIdentifier>{4FC737F1-C7A5-4376-A066-2A32D752A2FF}</UniqueIdentifier>
      <Extensions>cpp;c;cc;cxx;c++;cppm;ixx;def;odl;idl;hpj;bat;asm;asmx</Extensions>
    </Filter>
    <Filter Include="Header Files">
      <UniqueIdentifier>{93995380-89BD-4b04-88EB-625FBE52EBFB}</UniqueIdentifier>
      <Extensions>h;hh;hpp;hxx;h++;hm;inl;inc;ipp;xsd</Extensions>
    </Filter>
    <Filter Include="Resource Files">
      <UniqueIdentifier>{67DA6AB6-F800-4c08-8B7A-83BB121AAD01}</UniqueIdentifier>
      <Extensions>rc;ico;cur;bmp;dlg;rc2;rct;bin;rgs;gif;jpg;jpeg;jpe;resx;tiff;tif;png;wav;mfcribbon-ms</Extensions>
    </Filter>
    <Filter Include="Header Files\Core">
      <UniqueIdentifier>{6d0eb56b-c33f-4268-a028-b44f47c06d04}</UniqueIdentifier>
    </Filter>
    <Filter Include="Source Files\Core">
      <UniqueIdentifier>{f556732f-c15e-4e1c-a17f-bd10c5b390b9}</UniqueIdentifier>
    </Filter>
    <Filter Include="Header Files\ECS">
      <UniqueIdentifier>{2c9ab9bb-d38b-48f9-a681-4cf3f8f2a6cf}</UniqueIdentifier>
    </Filter>
    <Filter Include="Header Files\ECS\Components">
      <UniqueIdentifier>{ca91bef1-3ad2-44af-891d-931f91372c24}</UniqueIdentifier>
    </Filter>
    <Filter Include="Header Files\ECS\Systems">
      <UniqueIdentifier>{584fc32f-4e43-439d-b56a-24a5059b6262}</UniqueIdentifier>
    </Filter>
    <Filter Include="Header Files\Imgui">
      <UniqueIdentifier>{19faa909-dbf9-456d-a23a-7b3f5f52c2bc}</UniqueIdentifier>
    </Filter>
    <Filter Include="Source Files\Imgui">
      <UniqueIdentifier>{3430e1d5-c5ff-479e-8959-3de7bcb69d91}</UniqueIdentifier>
    </Filter>
    <Filter Include="Source Files\ECS">
      <UniqueIdentifier>{3bef5146-4759-4cdb-82cd-49acd0df9b12}</UniqueIdentifier>
    </Filter>
    <Filter Include="Source Files\ECS\Components">
      <UniqueIdentifier>{a6c63534-8764-4c21-809a-06092acafb2f}</UniqueIdentifier>
    </Filter>
    <Filter Include="Source Files\ECS\Systems">
      <UniqueIdentifier>{be0ccdfa-b3eb-4a59-92e4-602a7b907c22}</UniqueIdentifier>
    </Filter>
  </ItemGroup>
  <ItemGroup>
    <ClCompile Include="Source\main.cpp">
      <Filter>Source Files</Filter>
    </ClCompile>
    <ClCompile Include="source\Core\Window.cpp">
      <Filter>Source Files\Core</Filter>
    </ClCompile>
    <ClCompile Include="source\Core\CShape.cpp">
      <Filter>Source Files\Core</Filter>
    </ClCompile>
    <ClCompile Include="..\ThirdParties\imgui-sfml-3.0\imgui-SFML.cpp">
      <Filter>Source Files\Imgui</Filter>
    </ClCompile>
    <ClCompile Include="..\ThirdParties\imgui-docking\imgui.cpp">
      <Filter>Source Files\Imgui</Filter>
    </ClCompile>
    <ClCompile Include="..\ThirdParties\imgui-docking\imgui_demo.cpp">
      <Filter>Source Files\Imgui</Filter>
    </ClCompile>
    <ClCompile Include="..\ThirdParties\imgui-docking\imgui_draw.cpp">
      <Filter>Source Files\Imgui</Filter>
    </ClCompile>
    <ClCompile Include="..\ThirdParties\imgui-docking\imgui_tables.cpp">
      <Filter>Source Files\Imgui</Filter>
    </ClCompile>
    <ClCompile Include="..\ThirdParties\imgui-docking\imgui_widgets.cpp">
      <Filter>Source Files\Imgui</Filter>
    </ClCompile>
    <ClCompile Include="source\ECS\Components\Path.cpp">
      <Filter>Source Files\ECS\Components</Filter>
    </ClCompile>
    <ClCompile Include="source\ECS\Systems\IASystem.cpp">
      <Filter>Source Files\ECS\Systems</Filter>
    </ClCompile>
    <ClCompile Include="source\ECS\Systems\RenderSystem.cpp">
      <Filter>Source Files\ECS\Systems</Filter>
    </ClCompile>
    <ClCompile Include="source\ECS\Systems\Render.cpp">
      <Filter>Source Files\ECS\Systems</Filter>
    </ClCompile>
    <ClCompile Include="source\ECS\Components\Sprite.cpp">
      <Filter>Source Files\ECS\Components</Filter>
    </ClCompile>
  </ItemGroup>
  <ItemGroup>
    <ClInclude Include="include\Prerequisites.h">
      <Filter>Header Files</Filter>
    </ClInclude>
    <ClInclude Include="include\Core\Window.h">
      <Filter>Header Files\Core</Filter>
    </ClInclude>
    <ClInclude Include="include\Core\CShape.h">
      <Filter>Header Files\Core</Filter>
    </ClInclude>
    <ClInclude Include="include\ECS\Types.h">
      <Filter>Header Files\ECS</Filter>
    </ClInclude>
    <ClInclude Include="include\ECS\SparseSet.h">
      <Filter>Header Files\ECS</Filter>
    </ClInclude>
    <ClInclude Include="include\ECS\ComponentPool.h">
      <Filter>Header Files\ECS</Filter>
    </ClInclude>
    <ClInclude Include="include\ECS\View.h">
      <Filter>Header Files\ECS</Filter>
    </ClInclude>
    <ClInclude Include="include\ECS\Registry.h">
      <Filter>Header Files\ECS</Filter>
    </ClInclude>
    <ClInclude Include="include\ECS\System.h">
      <Filter>Header Files\ECS</Filter>
    </ClInclude>
    <ClInclude Include="include\ECS\Components\Transform.h">
      <Filter>Header Files\ECS\Components</Filter>
    </ClInclude>
    <ClInclude Include="include\ECS\Systems\RenderSystem.h">
      <Filter>Header Files\ECS\Systems</Filter>
    </ClInclude>
    <ClInclude Include="include\ECS\Systems\UISystem.h">
      <Filter>Header Files\ECS\Systems</Filter>
    </ClInclude>
    <ClInclude Include="include\ECS\Systems\CameraSystem.h">
      <Filter>Header Files\ECS\Systems</Filter>
    </ClInclude>
    <ClInclude Include="include\ECS\Components\Camera.h">
      <Filter>Header Files\ECS\Components</Filter>
    </ClInclude>
    <ClInclude Include="include\ECS\Components\Physics.h">
      <Filter>Header Files\ECS\Components</Filter>
    </ClInclude>
    <ClInclude Include="include\ECS\Components\SteeringTarget.h">
      <Filter>Header Files\ECS\Components</Filter>
    </ClInclude>
    <ClInclude Include="include\ECS\Systems\IASystem.h">
      <Filter>Header Files\ECS\Systems</Filter>
    </ClInclude>
    <ClInclude Include="include\ECS\Components\Obstacle.h">
      <Filter>Header Files\ECS\Components</Filter>
    </ClInclude>
    <ClInclude Include="include\ECS\Components\Path.h">
      <Filter>Header Files\ECS\Components</Filter>
    </ClInclude>
    <ClInclude Include="include\ECS\Components\Render.h">
      <Filter>Header Files\ECS\Systems</Filter>
    </ClInclude>
    <ClInclude Include="include\ECS\Components\Sprite.h">
      <Filter>Header Files\ECS\Components</Filter>
    </ClInclude>
    <ClInclude Include="include\ECS\Components\LapCounter.h">
      <Filter>Header Files\ECS\Components</Filter>
    </ClInclude>
  </ItemGroup>
</Project>